Microsoft Visual Studio Solution File, Format Version 12.00
# Visual Studio Version 17
VisualStudioVersion = 17.10.34818.151
MinimumVisualStudioVersion = 10.0.40219.1
Project("{FAE04EC0-301F-11D3-BF4B-00C04F79EFBC}") = "AspireRabbitContainer.AppHost", "AspireRabbitContainer.AppHost\AspireRabbitContainer.AppHost.csproj", "{B8E9B4B9-6C25-4CCD-BD41-FC539AA74789}"
EndProject
Project("{9A19103F-16F7-4668-BE54-9A1E7A4F7556}") = "AspireRabbitContainer.ServiceDefaults", "AspireRabbitContainer.ServiceDefaults\AspireRabbitContainer.ServiceDefaults.csproj", "{247AF825-C96B-4C52-ADAD-D6FA044BAC48}"
EndProject
Global
	GlobalSection(SolutionConfigurationPlatforms) = preSolution
		Debug|Any CPU = Debug|Any CPU
		Release|Any CPU = Release|Any CPU
	EndGlobalSection
	GlobalSection(ProjectConfigurationPlatforms) = postSolution
		{B8E9B4B9-6C25-4CCD-BD41-FC539AA74789}.Debug|Any CPU.ActiveCfg = Debug|Any CPU
		{B8E9B4B9-6C25-4CCD-BD41-FC539AA74789}.Debug|Any CPU.Build.0 = Debug|Any CPU
		{B8E9B4B9-6C25-4CCD-BD41-FC539AA74789}.Release|Any CPU.ActiveCfg = Release|Any CPU
		{B8E9B4B9-6C25-4CCD-BD41-FC539AA74789}.Release|Any CPU.Build.0 = Release|Any CPU
		{247AF825-C96B-4C52-ADAD-D6FA044BAC48}.Debug|Any CPU.ActiveCfg = Debug|Any CPU
		{247AF825-C96B-4C52-ADAD-D6FA044BAC48}.Debug|Any CPU.Build.0 = Debug|Any CPU
		{247AF825-C96B-4C52-ADAD-D6FA044BAC48}.Release|Any CPU.ActiveCfg = Release|Any CPU
		{247AF825-C96B-4C52-ADAD-D6FA044BAC48}.Release|Any CPU.Build.0 = Release|Any CPU
	EndGlobalSection
	GlobalSection(SolutionProperties) = preSolution
		HideSolutionNode = FALSE
	EndGlobalSection
	GlobalSection(ExtensibilityGlobals) = postSolution
		SolutionGuid = {4A30D164-A226-4C86-80EF-BEA437B14B39}
	EndGlobalSection
EndGlobal
